
Microsoft Visual Studio Solution File, Format Version 12.00
# Visual Studio Version 17
VisualStudioVersion = 17.0.31612.314
MinimumVisualStudioVersion = 10.0.40219.1
Project("{FAE04EC0-301F-11D3-BF4B-00C04F79EFBC}") = "Livraria", "Livraria\Livraria.csproj", "{B779FA07-B00B-456D-A623-4E173228DED4}"
EndProject
Project("{E53339B2-1760-4266-BCC7-CA923CBCF16C}") = "docker-compose", "docker-compose.dcproj", "{5B3736B3-3CE1-4430-9E2A-61497B9541D4}"
EndProject
Global
	GlobalSection(SolutionConfigurationPlatforms) = preSolution
		Debug|Any CPU = Debug|Any CPU
		Release|Any CPU = Release|Any CPU
	EndGlobalSection
	GlobalSection(ProjectConfigurationPlatforms) = postSolution
		{B779FA07-B00B-456D-A623-4E173228DED4}.Debug|Any CPU.ActiveCfg = Debug|Any CPU
		{B779FA07-B00B-456D-A623-4E173228DED4}.Debug|Any CPU.Build.0 = Debug|Any CPU
		{B779FA07-B00B-456D-A623-4E173228DED4}.Release|Any CPU.ActiveCfg = Release|Any CPU
		{B779FA07-B00B-456D-A623-4E173228DED4}.Release|Any CPU.Build.0 = Release|Any CPU
		{5B3736B3-3CE1-4430-9E2A-61497B9541D4}.Debug|Any CPU.ActiveCfg = Debug|Any CPU
		{5B3736B3-3CE1-4430-9E2A-61497B9541D4}.Debug|Any CPU.Build.0 = Debug|Any CPU
		{5B3736B3-3CE1-4430-9E2A-61497B9541D4}.Release|Any CPU.ActiveCfg = Release|Any CPU
		{5B3736B3-3CE1-4430-9E2A-61497B9541D4}.Release|Any CPU.Build.0 = Release|Any CPU
	EndGlobalSection
	GlobalSection(SolutionProperties) = preSolution
		HideSolutionNode = FALSE
	EndGlobalSection
	GlobalSection(ExtensibilityGlobals) = postSolution
		SolutionGuid = {3D210A82-14A2-4518-BE9D-86574AC90C3A}
	EndGlobalSection
EndGlobal
